
Microsoft Visual Studio Solution File, Format Version 12.00
# Visual Studio Version 16
VisualStudioVersion = 16.0.31729.503
MinimumVisualStudioVersion = 10.0.40219.1
Project("{FAE04EC0-301F-11D3-BF4B-00C04F79EFBC}") = "TinyCompiler", "TinyCompiler\TinyCompiler.csproj", "{6F3B436C-833B-4E67-AC7B-C7927431E396}"
EndProject
Global
	GlobalSection(SolutionConfigurationPlatforms) = preSolution
		Debug|Any CPU = Debug|Any CPU
		Release|Any CPU = Release|Any CPU
	EndGlobalSection
	GlobalSection(ProjectConfigurationPlatforms) = postSolution
		{6F3B436C-833B-4E67-AC7B-C7927431E396}.Debug|Any CPU.ActiveCfg = Debug|Any CPU
		{6F3B436C-833B-4E67-AC7B-C7927431E396}.Debug|Any CPU.Build.0 = Debug|Any CPU
		{6F3B436C-833B-4E67-AC7B-C7927431E396}.Release|Any CPU.ActiveCfg = Release|Any CPU
		{6F3B436C-833B-4E67-AC7B-C7927431E396}.Release|Any CPU.Build.0 = Release|Any CPU
	EndGlobalSection
	GlobalSection(SolutionProperties) = preSolution
		HideSolutionNode = FALSE
	EndGlobalSection
	GlobalSection(ExtensibilityGlobals) = postSolution
		SolutionGuid = {FBA4A2A3-506F-47AE-B367-9804C12EF02C}
	EndGlobalSection
EndGlobal
